
Microsoft Visual Studio Solution File, Format Version 12.00
# Visual Studio 15
VisualStudioVersion = 15.0.28307.271
MinimumVisualStudioVersion = 10.0.40219.1
Project("{2150E333-8FDC-42A3-9474-1A3956D46DE8}") = "Creational", "Creational", "{B2EDE9EA-F126-4E2F-B2E9-B8F6B47A8526}"
EndProject
Project("{9A19103F-16F7-4668-BE54-9A1E7A4F7556}") = "Builder", "Creational\Builder\Builder.csproj", "{BA13CFB2-D13F-462E-B4C4-CBC6DF92D870}"
EndProject
Project("{9A19103F-16F7-4668-BE54-9A1E7A4F7556}") = "Factory", "Creational\Factory\Factory.csproj", "{5E8F9335-9819-4770-8407-49BC5C185DDB}"
EndProject
Project("{9A19103F-16F7-4668-BE54-9A1E7A4F7556}") = "FactoryMethod", "Creational\FactoryMethod\FactoryMethod.csproj", "{CFF53724-9077-4198-9085-C89697355D1E}"
EndProject
Project("{9A19103F-16F7-4668-BE54-9A1E7A4F7556}") = "Prototype", "Creational\Prototype\Prototype.csproj", "{521FA625-BC0D-4029-A69D-3C71B51C972E}"
EndProject
Project("{9A19103F-16F7-4668-BE54-9A1E7A4F7556}") = "Singleton", "Creational\Singletone\Singleton.csproj", "{759BEE02-6116-41AF-A7E8-D63870D24288}"
EndProject
Project("{9A19103F-16F7-4668-BE54-9A1E7A4F7556}") = "Adapter", "Structural\Adapter\Adapter.csproj", "{B0039148-B44E-4335-AAA3-655A3954543B}"
EndProject
Project("{2150E333-8FDC-42A3-9474-1A3956D46DE8}") = "Structural", "Structural", "{D95FFB2E-B93D-4272-894D-10AD72F3A944}"
EndProject
Project("{9A19103F-16F7-4668-BE54-9A1E7A4F7556}") = "Bridge", "Structural\Bridge\Bridge.csproj", "{C70C44E1-0D70-480E-9858-B353F29794FA}"
EndProject
Project("{9A19103F-16F7-4668-BE54-9A1E7A4F7556}") = "Composite", "Structural\Composite\Composite.csproj", "{0702325F-E454-4E06-82B4-9B8A718539AD}"
EndProject
Project("{9A19103F-16F7-4668-BE54-9A1E7A4F7556}") = "Decorator", "Structural\Decorator\Decorator.csproj", "{68BFCBA7-E582-4247-819C-FE20CBE34B9A}"
EndProject
Project("{9A19103F-16F7-4668-BE54-9A1E7A4F7556}") = "Facade", "Structural\Facade\Facade.csproj", "{40C35755-3476-4E1F-B3EF-EDA756940836}"
EndProject
Project("{FAE04EC0-301F-11D3-BF4B-00C04F79EFBC}") = "Flyweight", "Structural\Flyweight\Flyweight.csproj", "{81EED246-0D5B-46CA-BE36-9817FF0E908D}"
EndProject
Global
	GlobalSection(SolutionConfigurationPlatforms) = preSolution
		Debug|Any CPU = Debug|Any CPU
		Release|Any CPU = Release|Any CPU
	EndGlobalSection
	GlobalSection(ProjectConfigurationPlatforms) = postSolution
		{BA13CFB2-D13F-462E-B4C4-CBC6DF92D870}.Debug|Any CPU.ActiveCfg = Debug|Any CPU
		{BA13CFB2-D13F-462E-B4C4-CBC6DF92D870}.Debug|Any CPU.Build.0 = Debug|Any CPU
		{BA13CFB2-D13F-462E-B4C4-CBC6DF92D870}.Release|Any CPU.ActiveCfg = Release|Any CPU
		{BA13CFB2-D13F-462E-B4C4-CBC6DF92D870}.Release|Any CPU.Build.0 = Release|Any CPU
		{5E8F9335-9819-4770-8407-49BC5C185DDB}.Debug|Any CPU.ActiveCfg = Debug|Any CPU
		{5E8F9335-9819-4770-8407-49BC5C185DDB}.Debug|Any CPU.Build.0 = Debug|Any CPU
		{5E8F9335-9819-4770-8407-49BC5C185DDB}.Release|Any CPU.ActiveCfg = Release|Any CPU
		{5E8F9335-9819-4770-8407-49BC5C185DDB}.Release|Any CPU.Build.0 = Release|Any CPU
		{CFF53724-9077-4198-9085-C89697355D1E}.Debug|Any CPU.ActiveCfg = Debug|Any CPU
		{CFF53724-9077-4198-9085-C89697355D1E}.Debug|Any CPU.Build.0 = Debug|Any CPU
		{CFF53724-9077-4198-9085-C89697355D1E}.Release|Any CPU.ActiveCfg = Release|Any CPU
		{CFF53724-9077-4198-9085-C89697355D1E}.Release|Any CPU.Build.0 = Release|Any CPU
		{521FA625-BC0D-4029-A69D-3C71B51C972E}.Debug|Any CPU.ActiveCfg = Debug|Any CPU
		{521FA625-BC0D-4029-A69D-3C71B51C972E}.Debug|Any CPU.Build.0 = Debug|Any CPU
		{521FA625-BC0D-4029-A69D-3C71B51C972E}.Release|Any CPU.ActiveCfg = Release|Any CPU
		{521FA625-BC0D-4029-A69D-3C71B51C972E}.Release|Any CPU.Build.0 = Release|Any CPU
		{759BEE02-6116-41AF-A7E8-D63870D24288}.Debug|Any CPU.ActiveCfg = Debug|Any CPU
		{759BEE02-6116-41AF-A7E8-D63870D24288}.Debug|Any CPU.Build.0 = Debug|Any CPU
		{759BEE02-6116-41AF-A7E8-D63870D24288}.Release|Any CPU.ActiveCfg = Release|Any CPU
		{759BEE02-6116-41AF-A7E8-D63870D24288}.Release|Any CPU.Build.0 = Release|Any CPU
		{B0039148-B44E-4335-AAA3-655A3954543B}.Debug|Any CPU.ActiveCfg = Debug|Any CPU
		{B0039148-B44E-4335-AAA3-655A3954543B}.Debug|Any CPU.Build.0 = Debug|Any CPU
		{B0039148-B44E-4335-AAA3-655A3954543B}.Release|Any CPU.ActiveCfg = Release|Any CPU
		{B0039148-B44E-4335-AAA3-655A3954543B}.Release|Any CPU.Build.0 = Release|Any CPU
		{C70C44E1-0D70-480E-9858-B353F29794FA}.Debug|Any CPU.ActiveCfg = Debug|Any CPU
		{C70C44E1-0D70-480E-9858-B353F29794FA}.Debug|Any CPU.Build.0 = Debug|Any CPU
		{C70C44E1-0D70-480E-9858-B353F29794FA}.Release|Any CPU.ActiveCfg = Release|Any CPU
		{C70C44E1-0D70-480E-9858-B353F29794FA}.Release|Any CPU.Build.0 = Release|Any CPU
		{0702325F-E454-4E06-82B4-9B8A718539AD}.Debug|Any CPU.ActiveCfg = Debug|Any CPU
		{0702325F-E454-4E06-82B4-9B8A718539AD}.Debug|Any CPU.Build.0 = Debug|Any CPU
		{0702325F-E454-4E06-82B4-9B8A718539AD}.Release|Any CPU.ActiveCfg = Release|Any CPU
		{0702325F-E454-4E06-82B4-9B8A718539AD}.Release|Any CPU.Build.0 = Release|Any CPU
		{68BFCBA7-E582-4247-819C-FE20CBE34B9A}.Debug|Any CPU.ActiveCfg = Debug|Any CPU
		{68BFCBA7-E582-4247-819C-FE20CBE34B9A}.Debug|Any CPU.Build.0 = Debug|Any CPU
		{68BFCBA7-E582-4247-819C-FE20CBE34B9A}.Release|Any CPU.ActiveCfg = Release|Any CPU
		{68BFCBA7-E582-4247-819C-FE20CBE34B9A}.Release|Any CPU.Build.0 = Release|Any CPU
		{40C35755-3476-4E1F-B3EF-EDA756940836}.Debug|Any CPU.ActiveCfg = Debug|Any CPU
		{40C35755-3476-4E1F-B3EF-EDA756940836}.Debug|Any CPU.Build.0 = Debug|Any CPU
		{40C35755-3476-4E1F-B3EF-EDA756940836}.Release|Any CPU.ActiveCfg = Release|Any CPU
		{40C35755-3476-4E1F-B3EF-EDA756940836}.Release|Any CPU.Build.0 = Release|Any CPU
		{81EED246-0D5B-46CA-BE36-9817FF0E908D}.Debug|Any CPU.ActiveCfg = Debug|Any CPU
		{81EED246-0D5B-46CA-BE36-9817FF0E908D}.Debug|Any CPU.Build.0 = Debug|Any CPU
		{81EED246-0D5B-46CA-BE36-9817FF0E908D}.Release|Any CPU.ActiveCfg = Release|Any CPU
		{81EED246-0D5B-46CA-BE36-9817FF0E908D}.Release|Any CPU.Build.0 = Release|Any CPU
	EndGlobalSection
	GlobalSection(SolutionProperties) = preSolution
		HideSolutionNode = FALSE
	EndGlobalSection
	GlobalSection(NestedProjects) = preSolution
		{BA13CFB2-D13F-462E-B4C4-CBC6DF92D870} = {B2EDE9EA-F126-4E2F-B2E9-B8F6B47A8526}
		{5E8F9335-9819-4770-8407-49BC5C185DDB} = {B2EDE9EA-F126-4E2F-B2E9-B8F6B47A8526}
		{CFF53724-9077-4198-9085-C89697355D1E} = {B2EDE9EA-F126-4E2F-B2E9-B8F6B47A8526}
		{521FA625-BC0D-4029-A69D-3C71B51C972E} = {B2EDE9EA-F126-4E2F-B2E9-B8F6B47A8526}
		{759BEE02-6116-41AF-A7E8-D63870D24288} = {B2EDE9EA-F126-4E2F-B2E9-B8F6B47A8526}
		{B0039148-B44E-4335-AAA3-655A3954543B} = {D95FFB2E-B93D-4272-894D-10AD72F3A944}
		{C70C44E1-0D70-480E-9858-B353F29794FA} = {D95FFB2E-B93D-4272-894D-10AD72F3A944}
		{0702325F-E454-4E06-82B4-9B8A718539AD} = {D95FFB2E-B93D-4272-894D-10AD72F3A944}
		{68BFCBA7-E582-4247-819C-FE20CBE34B9A} = {D95FFB2E-B93D-4272-894D-10AD72F3A944}
		{40C35755-3476-4E1F-B3EF-EDA756940836} = {D95FFB2E-B93D-4272-894D-10AD72F3A944}
		{81EED246-0D5B-46CA-BE36-9817FF0E908D} = {D95FFB2E-B93D-4272-894D-10AD72F3A944}
	EndGlobalSection
	GlobalSection(ExtensibilityGlobals) = postSolution
		SolutionGuid = {481FC4EE-AA42-4CD7-9DF6-4FA21FA892DB}
	EndGlobalSection
EndGlobal
